{
  "name": "six-cities-simple",
  "lockfileVersion": 3,
  "requires": true,
  "packages": {
    "": {
      "dependencies": {
        "@htmlacademy/cra-template-typescript": "^5.0.0"
      }
    },
    "node_modules/@htmlacademy/cra-template-typescript": {
      "version": "5.0.0",
      "resolved": "https://registry.npmjs.org/@htmlacademy/cra-template-typescript/-/cra-template-typescript-5.0.0.tgz",
      "integrity": "sha512-hyza+Gfv4UlFt5thKswVC2fROHbJIKS+vtdFybmOuMhPD92kmkDdst8jk8PVgb/BYunbg8G/gw7CY+hCPpT/tw==",
      "engines": {
        "node": ">=14"
      }
    }
  }
}
